
Microsoft Visual Studio Solution File, Format Version 12.00
# Visual Studio 2012
Project("{FAE04EC0-301F-11D3-BF4B-00C04F79EFBC}") = "DoAn_QuanLyKhachSan", "DoAn_QuanLyKhachSan\DoAn_QuanLyKhachSan.csproj", "{1E71BF2B-8777-4739-AF6D-54E1019A3E0D}"
EndProject
Project("{FAE04EC0-301F-11D3-BF4B-00C04F79EFBC}") = "ThuVien", "ThuVien\ThuVien.csproj", "{EB1E0642-A922-4B22-8A30-73195D376205}"
EndProject
Global
	GlobalSection(SolutionConfigurationPlatforms) = preSolution
		Debug|Any CPU = Debug|Any CPU
		Release|Any CPU = Release|Any CPU
	EndGlobalSection
	GlobalSection(ProjectConfigurationPlatforms) = postSolution
		{1E71BF2B-8777-4739-AF6D-54E1019A3E0D}.Debug|Any CPU.ActiveCfg = Debug|Any CPU
		{1E71BF2B-8777-4739-AF6D-54E1019A3E0D}.Debug|Any CPU.Build.0 = Debug|Any CPU
		{1E71BF2B-8777-4739-AF6D-54E1019A3E0D}.Release|Any CPU.ActiveCfg = Release|Any CPU
		{1E71BF2B-8777-4739-AF6D-54E1019A3E0D}.Release|Any CPU.Build.0 = Release|Any CPU
		{EB1E0642-A922-4B22-8A30-73195D376205}.Debug|Any CPU.ActiveCfg = Debug|Any CPU
		{EB1E0642-A922-4B22-8A30-73195D376205}.Debug|Any CPU.Build.0 = Debug|Any CPU
		{EB1E0642-A922-4B22-8A30-73195D376205}.Release|Any CPU.ActiveCfg = Release|Any CPU
		{EB1E0642-A922-4B22-8A30-73195D376205}.Release|Any CPU.Build.0 = Release|Any CPU
	EndGlobalSection
	GlobalSection(SolutionProperties) = preSolution
		HideSolutionNode = FALSE
	EndGlobalSection
EndGlobal
